
Microsoft Visual Studio Solution File, Format Version 12.00
# Visual Studio 15
VisualStudioVersion = 15.0.28307.271
MinimumVisualStudioVersion = 10.0.40219.1
Project("{FAE04EC0-301F-11D3-BF4B-00C04F79EFBC}") = "MvcMusicList", "MvcMusicList\MvcMusicList.csproj", "{001F9EDC-2F98-476B-A0B9-1A0C5526262B}"
EndProject
Project("{FAE04EC0-301F-11D3-BF4B-00C04F79EFBC}") = "Test", "Test\Test.csproj", "{F2D10BDF-0839-45EC-99C1-ED67C538CFCB}"
EndProject
Global
	GlobalSection(SolutionConfigurationPlatforms) = preSolution
		Debug|Any CPU = Debug|Any CPU
		Release|Any CPU = Release|Any CPU
	EndGlobalSection
	GlobalSection(ProjectConfigurationPlatforms) = postSolution
		{001F9EDC-2F98-476B-A0B9-1A0C5526262B}.Debug|Any CPU.ActiveCfg = Debug|Any CPU
		{001F9EDC-2F98-476B-A0B9-1A0C5526262B}.Debug|Any CPU.Build.0 = Debug|Any CPU
		{001F9EDC-2F98-476B-A0B9-1A0C5526262B}.Release|Any CPU.ActiveCfg = Release|Any CPU
		{001F9EDC-2F98-476B-A0B9-1A0C5526262B}.Release|Any CPU.Build.0 = Release|Any CPU
		{F2D10BDF-0839-45EC-99C1-ED67C538CFCB}.Debug|Any CPU.ActiveCfg = Debug|Any CPU
		{F2D10BDF-0839-45EC-99C1-ED67C538CFCB}.Debug|Any CPU.Build.0 = Debug|Any CPU
		{F2D10BDF-0839-45EC-99C1-ED67C538CFCB}.Release|Any CPU.ActiveCfg = Release|Any CPU
		{F2D10BDF-0839-45EC-99C1-ED67C538CFCB}.Release|Any CPU.Build.0 = Release|Any CPU
	EndGlobalSection
	GlobalSection(SolutionProperties) = preSolution
		HideSolutionNode = FALSE
	EndGlobalSection
	GlobalSection(ExtensibilityGlobals) = postSolution
		SolutionGuid = {AEEEE15E-281D-46EF-B582-8444D1B7E1C9}
	EndGlobalSection
EndGlobal
